
Microsoft Visual Studio Solution File, Format Version 12.00
# Visual Studio Version 17
VisualStudioVersion = 17.7.34221.43
MinimumVisualStudioVersion = 10.0.40219.1
Project("{2150E333-8FDC-42A3-9474-1A3956D46DE8}") = "Domain", "Domain", "{4B645AC6-F9B6-4497-9CD2-44E6C22D2432}"
EndProject
Project("{2150E333-8FDC-42A3-9474-1A3956D46DE8}") = "Presentation", "Presentation", "{781B1E38-8CDC-4C97-98F4-11DE3DA87F16}"
EndProject
Project("{2150E333-8FDC-42A3-9474-1A3956D46DE8}") = "Repository", "Repository", "{66D2C0E6-E9B7-4CFE-BB1F-1995A6763C5C}"
EndProject
Project("{2150E333-8FDC-42A3-9474-1A3956D46DE8}") = "Service", "Service", "{40AE6684-6000-4B76-923B-B291A34519D0}"
EndProject
Project("{2150E333-8FDC-42A3-9474-1A3956D46DE8}") = "Shared", "Shared", "{64A284E9-5CBB-41FB-B1F2-023ED8D71C15}"
EndProject
Project("{2150E333-8FDC-42A3-9474-1A3956D46DE8}") = "Tests", "Tests", "{A9CAC222-DB0D-431B-9688-1C4932713990}"
EndProject
Project("{9A19103F-16F7-4668-BE54-9A1E7A4F7556}") = "TestProject1", "..\TestProject1\TestProject1.csproj", "{D897BF14-5DBB-4C2A-BDCF-9FC1ACDCD194}"
EndProject
Project("{2150E333-8FDC-42A3-9474-1A3956D46DE8}") = "ImportPlanilha", "ImportPlanilha", "{45D25C88-B147-42A7-ADE0-47F1D0AF65F9}"
EndProject
Project("{9A19103F-16F7-4668-BE54-9A1E7A4F7556}") = "CotacaoBackEndApi", "CotacaoBackEndFrontEnd\CotacaoBackEndApi.csproj", "{C6AD77F6-C7C2-49D5-BDF0-95B53923AB5A}"
EndProject
Project("{9A19103F-16F7-4668-BE54-9A1E7A4F7556}") = "CotacacoSeguroDomain", "CotacacoSeguroDomain\CotacacoSeguroDomain.csproj", "{52FEDD60-3B97-4182-9D0D-62DC049E8F4F}"
EndProject
Project("{9A19103F-16F7-4668-BE54-9A1E7A4F7556}") = "ImportPlanilha", "ImportPlanilha\ImportPlanilha.csproj", "{3A01F6AD-A0B4-4271-8A67-EDAE4F3676BD}"
EndProject
Project("{9A19103F-16F7-4668-BE54-9A1E7A4F7556}") = "CotacacoSeguroRepository", "CotacacoSeguroRepository\CotacacoSeguroRepository.csproj", "{E6F25063-7F39-4784-8309-99FB53875AB2}"
EndProject
Project("{9A19103F-16F7-4668-BE54-9A1E7A4F7556}") = "CotacacoSeguroService", "CotacacoSeguroService\CotacacoSeguroService.csproj", "{8D96BCAA-03BC-45F6-9107-B400F3662A24}"
EndProject
Project("{9A19103F-16F7-4668-BE54-9A1E7A4F7556}") = "CotacacoSeguroShared", "CotacacoSeguroShared\CotacacoSeguroShared.csproj", "{50A87AAC-FE8F-4DBC-A42A-6DD5E6BBE17A}"
EndProject
Global
	GlobalSection(SolutionConfigurationPlatforms) = preSolution
		Debug|Any CPU = Debug|Any CPU
		Release|Any CPU = Release|Any CPU
	EndGlobalSection
	GlobalSection(ProjectConfigurationPlatforms) = postSolution
		{D897BF14-5DBB-4C2A-BDCF-9FC1ACDCD194}.Debug|Any CPU.ActiveCfg = Debug|Any CPU
		{D897BF14-5DBB-4C2A-BDCF-9FC1ACDCD194}.Debug|Any CPU.Build.0 = Debug|Any CPU
		{D897BF14-5DBB-4C2A-BDCF-9FC1ACDCD194}.Release|Any CPU.ActiveCfg = Release|Any CPU
		{D897BF14-5DBB-4C2A-BDCF-9FC1ACDCD194}.Release|Any CPU.Build.0 = Release|Any CPU
		{C6AD77F6-C7C2-49D5-BDF0-95B53923AB5A}.Debug|Any CPU.ActiveCfg = Debug|Any CPU
		{C6AD77F6-C7C2-49D5-BDF0-95B53923AB5A}.Debug|Any CPU.Build.0 = Debug|Any CPU
		{C6AD77F6-C7C2-49D5-BDF0-95B53923AB5A}.Release|Any CPU.ActiveCfg = Release|Any CPU
		{C6AD77F6-C7C2-49D5-BDF0-95B53923AB5A}.Release|Any CPU.Build.0 = Release|Any CPU
		{52FEDD60-3B97-4182-9D0D-62DC049E8F4F}.Debug|Any CPU.ActiveCfg = Debug|Any CPU
		{52FEDD60-3B97-4182-9D0D-62DC049E8F4F}.Debug|Any CPU.Build.0 = Debug|Any CPU
		{52FEDD60-3B97-4182-9D0D-62DC049E8F4F}.Release|Any CPU.ActiveCfg = Release|Any CPU
		{52FEDD60-3B97-4182-9D0D-62DC049E8F4F}.Release|Any CPU.Build.0 = Release|Any CPU
		{3A01F6AD-A0B4-4271-8A67-EDAE4F3676BD}.Debug|Any CPU.ActiveCfg = Debug|Any CPU
		{3A01F6AD-A0B4-4271-8A67-EDAE4F3676BD}.Debug|Any CPU.Build.0 = Debug|Any CPU
		{3A01F6AD-A0B4-4271-8A67-EDAE4F3676BD}.Release|Any CPU.ActiveCfg = Release|Any CPU
		{3A01F6AD-A0B4-4271-8A67-EDAE4F3676BD}.Release|Any CPU.Build.0 = Release|Any CPU
		{E6F25063-7F39-4784-8309-99FB53875AB2}.Debug|Any CPU.ActiveCfg = Debug|Any CPU
		{E6F25063-7F39-4784-8309-99FB53875AB2}.Debug|Any CPU.Build.0 = Debug|Any CPU
		{E6F25063-7F39-4784-8309-99FB53875AB2}.Release|Any CPU.ActiveCfg = Release|Any CPU
		{E6F25063-7F39-4784-8309-99FB53875AB2}.Release|Any CPU.Build.0 = Release|Any CPU
		{8D96BCAA-03BC-45F6-9107-B400F3662A24}.Debug|Any CPU.ActiveCfg = Debug|Any CPU
		{8D96BCAA-03BC-45F6-9107-B400F3662A24}.Debug|Any CPU.Build.0 = Debug|Any CPU
		{8D96BCAA-03BC-45F6-9107-B400F3662A24}.Release|Any CPU.ActiveCfg = Release|Any CPU
		{8D96BCAA-03BC-45F6-9107-B400F3662A24}.Release|Any CPU.Build.0 = Release|Any CPU
		{50A87AAC-FE8F-4DBC-A42A-6DD5E6BBE17A}.Debug|Any CPU.ActiveCfg = Debug|Any CPU
		{50A87AAC-FE8F-4DBC-A42A-6DD5E6BBE17A}.Debug|Any CPU.Build.0 = Debug|Any CPU
		{50A87AAC-FE8F-4DBC-A42A-6DD5E6BBE17A}.Release|Any CPU.ActiveCfg = Release|Any CPU
		{50A87AAC-FE8F-4DBC-A42A-6DD5E6BBE17A}.Release|Any CPU.Build.0 = Release|Any CPU
	EndGlobalSection
	GlobalSection(SolutionProperties) = preSolution
		HideSolutionNode = FALSE
	EndGlobalSection
	GlobalSection(NestedProjects) = preSolution
		{D897BF14-5DBB-4C2A-BDCF-9FC1ACDCD194} = {A9CAC222-DB0D-431B-9688-1C4932713990}
		{C6AD77F6-C7C2-49D5-BDF0-95B53923AB5A} = {781B1E38-8CDC-4C97-98F4-11DE3DA87F16}
		{52FEDD60-3B97-4182-9D0D-62DC049E8F4F} = {4B645AC6-F9B6-4497-9CD2-44E6C22D2432}
		{3A01F6AD-A0B4-4271-8A67-EDAE4F3676BD} = {45D25C88-B147-42A7-ADE0-47F1D0AF65F9}
		{E6F25063-7F39-4784-8309-99FB53875AB2} = {66D2C0E6-E9B7-4CFE-BB1F-1995A6763C5C}
		{8D96BCAA-03BC-45F6-9107-B400F3662A24} = {40AE6684-6000-4B76-923B-B291A34519D0}
		{50A87AAC-FE8F-4DBC-A42A-6DD5E6BBE17A} = {64A284E9-5CBB-41FB-B1F2-023ED8D71C15}
	EndGlobalSection
	GlobalSection(ExtensibilityGlobals) = postSolution
		SolutionGuid = {05C32C93-B045-42F8-879B-20D845987CD9}
	EndGlobalSection
EndGlobal
